// !$*UTF8*$!
{
	archiveVersion = 1;
	classes = {
	};
	objectVersion = 50;
	objects = {

/* Begin PBXBuildFile section */
		089969B5248FD79B00734137 /* AppDelegate.swift in Sources */ = {isa = PBXBuildFile; fileRef = 089969B4248FD79B00734137 /* AppDelegate.swift */; };
		089969B7248FD79B00734137 /* SceneDelegate.swift in Sources */ = {isa = PBXBuildFile; fileRef = 089969B6248FD79B00734137 /* SceneDelegate.swift */; };
		089969BB248FD79E00734137 /* Assets.xcassets in Resources */ = {isa = PBXBuildFile; fileRef = 089969BA248FD79E00734137 /* Assets.xcassets */; };
		089969BE248FD79E00734137 /* Preview Assets.xcassets in Resources */ = {isa = PBXBuildFile; fileRef = 089969BD248FD79E00734137 /* Preview Assets.xcassets */; };
		089969C1248FD79E00734137 /* LaunchScreen.storyboard in Resources */ = {isa = PBXBuildFile; fileRef = 089969BF248FD79E00734137 /* LaunchScreen.storyboard */; };
		089969CB248FD7D400734137 /* Memo.swift in Sources */ = {isa = PBXBuildFile; fileRef = 089969CA248FD7D400734137 /* Memo.swift */; };
		089969CD248FD7F300734137 /* MemoDetail.swift in Sources */ = {isa = PBXBuildFile; fileRef = 089969CC248FD7F300734137 /* MemoDetail.swift */; };
		089969CF248FDD5A00734137 /* MemoRow.swift in Sources */ = {isa = PBXBuildFile; fileRef = 089969CE248FDD5A00734137 /* MemoRow.swift */; };
		089969D1248FDFF900734137 /* MemoList.swift in Sources */ = {isa = PBXBuildFile; fileRef = 089969D0248FDFF900734137 /* MemoList.swift */; };
		089969D3248FE04A00734137 /* Data.swift in Sources */ = {isa = PBXBuildFile; fileRef = 089969D2248FE04A00734137 /* Data.swift */; };
/* End PBXBuildFile section */

/* Begin PBXFileReference section */
		089969B1248FD79B00734137 /* MemoApp.app */ = {isa = PBXFileReference; explicitFileType = wrapper.application; includeInIndex = 0; path = MemoApp.app; sourceTree = BUILT_PRODUCTS_DIR; };
		089969B4248FD79B00734137 /* AppDelegate.swift */ = {isa = PBXFileReference; lastKnownFileType = sourcecode.swift; path = AppDelegate.swift; sourceTree = "<group>"; };
		089969B6248FD79B00734137 /* SceneDelegate.swift */ = {isa = PBXFileReference; lastKnownFileType = sourcecode.swift; path = SceneDelegate.swift; sourceTree = "<group>"; };
		089969BA248FD79E00734137 /* Assets.xcassets */ = {isa = PBXFileReference; lastKnownFileType = folder.assetcatalog; path = Assets.xcassets; sourceTree = "<group>"; };
		089969BD248FD79E00734137 /* Preview Assets.xcassets */ = {isa = PBXFileReference; lastKnownFileType = folder.assetcatalog; path = "Preview Assets.xcassets"; sourceTree = "<group>"; };
		089969C0248FD79E00734137 /* Base */ = {isa = PBXFileReference; lastKnownFileType = file.storyboard; name = Base; path = Base.lproj/LaunchScreen.storyboard; sourceTree = "<group>"; };
		089969C2248FD79E00734137 /* Info.plist */ = {isa = PBXFileReference; lastKnownFileType = text.plist.xml; path = Info.plist; sourceTree = "<group>"; };
		089969CA248FD7D400734137 /* Memo.swift */ = {isa = PBXFileReference; lastKnownFileType = sourcecode.swift; path = Memo.swift; sourceTree = "<group>"; };
		089969CC248FD7F300734137 /* MemoDetail.swift */ = {isa = PBXFileReference; lastKnownFileType = sourcecode.swift; path = MemoDetail.swift; sourceTree = "<group>"; };
		089969CE248FDD5A00734137 /* MemoRow.swift */ = {isa = PBXFileReference; lastKnownFileType = sourcecode.swift; path = MemoRow.swift; sourceTree = "<group>"; };
		089969D0248FDFF900734137 /* MemoList.swift */ = {isa = PBXFileReference; lastKnownFileType = sourcecode.swift; path = MemoList.swift; sourceTree = "<group>"; };
		089969D2248FE04A00734137 /* Data.swift */ = {isa = PBXFileReference; lastKnownFileType = sourcecode.swift; path = Data.swift; sourceTree = "<group>"; };
/* End PBXFileReference section */

/* Begin PBXFrameworksBuildPhase section */
		089969AE248FD79B00734137 /* Frameworks */ = {
			isa = PBXFrameworksBuildPhase;
			buildActionMask = 2147483647;
			files = (
			);
			runOnlyForDeploymentPostprocessing = 0;
		};
/* End PBXFrameworksBuildPhase section */

/* Begin PBXGroup section */
		089969A8248FD79B00734137 = {
			isa = PBXGroup;
			children = (
				089969B3248FD79B00734137 /* MemoApp */,
				089969B2248FD79B00734137 /* Products */,
			);
			sourceTree = "<group>";
		};
		089969B2248FD79B00734137 /* Products */ = {
			isa = PBXGroup;
			children = (
				089969B1248FD79B00734137 /* MemoApp.app */,
			);
			name = Products;
			sourceTree = "<group>";
		};
		089969B3248FD79B00734137 /* MemoApp */ = {
			isa = PBXGroup;
			children = (
				089969C9248FD7C200734137 /* Views */,
				089969C8248FD7B400734137 /* Models */,
				089969B4248FD79B00734137 /* AppDelegate.swift */,
				089969B6248FD79B00734137 /* SceneDelegate.swift */,
				089969BA248FD79E00734137 /* Assets.xcassets */,
				089969BF248FD79E00734137 /* LaunchScreen.storyboard */,
				089969C2248FD79E00734137 /* Info.plist */,
				089969BC248FD79E00734137 /* Preview Content */,
			);
			path = MemoApp;
			sourceTree = "<group>";
		};
		089969BC248FD79E00734137 /* Preview Content */ = {
			isa = PBXGroup;
			children = (
				089969BD248FD79E00734137 /* Preview Assets.xcassets */,
			);
			path = "Preview Content";
			sourceTree = "<group>";
		};
		089969C8248FD7B400734137 /* Models */ = {
			isa = PBXGroup;
			children = (
				089969D2248FE04A00734137 /* Data.swift */,
				089969CA248FD7D400734137 /* Memo.swift */,
			);
			path = Models;
			sourceTree = "<group>";
		};
		089969C9248FD7C200734137 /* Views */ = {
			isa = PBXGroup;
			children = (
				089969CC248FD7F300734137 /* MemoDetail.swift */,
				089969CE248FDD5A00734137 /* MemoRow.swift */,
				089969D0248FDFF900734137 /* MemoList.swift */,
			);
			path = Views;
			sourceTree = "<group>";
		};
/* End PBXGroup section */

/* Begin PBXNativeTarget section */
		089969B0248FD79B00734137 /* MemoApp */ = {
			isa = PBXNativeTarget;
			buildConfigurationList = 089969C5248FD79E00734137 /* Build configuration list for PBXNativeTarget "MemoApp" */;
			buildPhases = (
				089969AD248FD79B00734137 /* Sources */,
				089969AE248FD79B00734137 /* Frameworks */,
				089969AF248FD79B00734137 /* Resources */,
			);
			buildRules = (
			);
			dependencies = (
			);
			name = MemoApp;
			productName = MemoApp;
			productReference = 089969B1248FD79B00734137 /* MemoApp.app */;
			productType = "com.apple.product-type.application";
		};
/* End PBXNativeTarget section */

/* Begin PBXProject section */
		089969A9248FD79B00734137 /* Project object */ = {
			isa = PBXProject;
			attributes = {
				LastSwiftUpdateCheck = 1150;
				LastUpgradeCheck = 1150;
				ORGANIZATIONNAME = ykws;
				TargetAttributes = {
					089969B0248FD79B00734137 = {
						CreatedOnToolsVersion = 11.5;
					};
				};
			};
			buildConfigurationList = 089969AC248FD79B00734137 /* Build configuration list for PBXProject "MemoApp" */;
			compatibilityVersion = "Xcode 9.3";
			developmentRegion = en;
			hasScannedForEncodings = 0;
			knownRegions = (
				en,
				Base,
			);
			mainGroup = 089969A8248FD79B00734137;
			productRefGroup = 089969B2248FD79B00734137 /* Products */;
			projectDirPath = "";
			projectRoot = "";
			targets = (
				089969B0248FD79B00734137 /* MemoApp */,
			);
		};
/* End PBXProject section */

/* Begin PBXResourcesBuildPhase section */
		089969AF248FD79B00734137 /* Resources */ = {
			isa = PBXResourcesBuildPhase;
			buildActionMask = 2147483647;
			files = (
				089969C1248FD79E00734137 /* LaunchScreen.storyboard in Resources */,
				089969BE248FD79E00734137 /* Preview Assets.xcassets in Resources */,
				089969BB248FD79E00734137 /* Assets.xcassets in Resources */,
			);
			runOnlyForDeploymentPostprocessing = 0;
		};
/* End PBXResourcesBuildPhase section */

/* Begin PBXSourcesBuildPhase section */
		089969AD248FD79B00734137 /* Sources */ = {
			isa = PBXSourcesBuildPhase;
			buildActionMask = 2147483647;
			files = (
				089969CF248FDD5A00734137 /* MemoRow.swift in Sources */,
				089969B5248FD79B00734137 /* AppDelegate.swift in Sources */,
				089969B7248FD79B00734137 /* SceneDelegate.swift in Sources */,
				089969CD248FD7F300734137 /* MemoDetail.swift in Sources */,
				089969CB248FD7D400734137 /* Memo.swift in Sources */,
				089969D1248FDFF900734137 /* MemoList.swift in Sources */,
				089969D3248FE04A00734137 /* Data.swift in Sources */,
			);
			runOnlyForDeploymentPostprocessing = 0;
		};
/* End PBXSourcesBuildPhase section */

/* Begin PBXVariantGroup section */
		089969BF248FD79E00734137 /* LaunchScreen.storyboard */ = {
			isa = PBXVariantGroup;
			children = (
				089969C0248FD79E00734137 /* Base */,
			);
			name = LaunchScreen.storyboard;
			sourceTree = "<group>";
		};
/* End PBXVariantGroup section */

/* Begin XCBuildConfiguration section */
		089969C3248FD79E00734137 /* Debug */ = {
			isa = XCBuildConfiguration;
			buildSettings = {
				ALWAYS_SEARCH_USER_PATHS = NO;
				CLANG_ANALYZER_NONNULL = YES;
				CLANG_ANALYZER_NUMBER_OBJECT_CONVERSION = YES_AGGRESSIVE;
				CLANG_CXX_LANGUAGE_STANDARD = "gnu++14";
				CLANG_CXX_LIBRARY = "libc++";
				CLANG_ENABLE_MODULES = YES;
				CLANG_ENABLE_OBJC_ARC = YES;
				CLANG_ENABLE_OBJC_WEAK = YES;
				CLANG_WARN_BLOCK_CAPTURE_AUTORELEASING = YES;
				CLANG_WARN_BOOL_CONVERSION = YES;
				CLANG_WARN_COMMA = YES;
				CLANG_WARN_CONSTANT_CONVERSION = YES;
				CLANG_WARN_DEPRECATED_OBJC_IMPLEMENTATIONS = YES;
				CLANG_WARN_DIRECT_OBJC_ISA_USAGE = YES_ERROR;
				CLANG_WARN_DOCUMENTATION_COMMENTS = YES;
				CLANG_WARN_EMPTY_BODY = YES;
				CLANG_WARN_ENUM_CONVERSION = YES;
				CLANG_WARN_INFINITE_RECURSION = YES;
				CLANG_WARN_INT_CONVERSION = YES;
				CLANG_WARN_NON_LITERAL_NULL_CONVERSION = YES;
				CLANG_WARN_OBJC_IMPLICIT_RETAIN_SELF = YES;
				CLANG_WARN_OBJC_LITERAL_CONVERSION = YES;
				CLANG_WARN_OBJC_ROOT_CLASS = YES_ERROR;
				CLANG_WARN_RANGE_LOOP_ANALYSIS = YES;
				CLANG_WARN_STRICT_PROTOTYPES = YES;
				CLANG_WARN_SUSPICIOUS_MOVE = YES;
				CLANG_WARN_UNGUARDED_AVAILABILITY = YES_AGGRESSIVE;
				CLANG_WARN_UNREACHABLE_CODE = YES;
				CLANG_WARN__DUPLICATE_METHOD_MATCH = YES;
				COPY_PHASE_STRIP = NO;
				DEBUG_INFORMATION_FORMAT = dwarf;
				ENABLE_STRICT_OBJC_MSGSEND = YES;
				ENABLE_TESTABILITY = YES;
				GCC_C_LANGUAGE_STANDARD = gnu11;
				GCC_DYNAMIC_NO_PIC = NO;
				GCC_NO_COMMON_BLOCKS = YES;
				GCC_OPTIMIZATION_LEVEL = 0;
				GCC_PREPROCESSOR_DEFINITIONS = (
					"DEBUG=1",
					"$(inherited)",
				);
				GCC_WARN_64_TO_32_BIT_CONVERSION = YES;
				GCC_WARN_ABOUT_RETURN_TYPE = YES_ERROR;
				GCC_WARN_UNDECLARED_SELECTOR = YES;
				GCC_WARN_UNINITIALIZED_AUTOS = YES_AGGRESSIVE;
				GCC_WARN_UNUSED_FUNCTION = YES;
				GCC_WARN_UNUSED_VARIABLE = YES;
				IPHONEOS_DEPLOYMENT_TARGET = 13.5;
				MTL_ENABLE_DEBUG_INFO = INCLUDE_SOURCE;
				MTL_FAST_MATH = YES;
				ONLY_ACTIVE_ARCH = YES;
				SDKROOT = iphoneos;
				SWIFT_ACTIVE_COMPILATION_CONDITIONS = DEBUG;
				SWIFT_OPTIMIZATION_LEVEL = "-Onone";
			};
			name = Debug;
		};
		089969C4248FD79E00734137 /* Release */ = {
			isa = XCBuildConfiguration;
			buildSettings = {
				ALWAYS_SEARCH_USER_PATHS = NO;
				CLANG_ANALYZER_NONNULL = YES;
				CLANG_ANALYZER_NUMBER_OBJECT_CONVERSION = YES_AGGRESSIVE;
				CLANG_CXX_LANGUAGE_STANDARD = "gnu++14";
				CLANG_CXX_LIBRARY = "libc++";
				CLANG_ENABLE_MODULES = YES;
				CLANG_ENABLE_OBJC_ARC = YES;
				CLANG_ENABLE_OBJC_WEAK = YES;
				CLANG_WARN_BLOCK_CAPTURE_AUTORELEASING = YES;
				CLANG_WARN_BOOL_CONVERSION = YES;
				CLANG_WARN_COMMA = YES;
				CLANG_WARN_CONSTANT_CONVERSION = YES;
				CLANG_WARN_DEPRECATED_OBJC_IMPLEMENTATIONS = YES;
				CLANG_WARN_DIRECT_OBJC_ISA_USAGE = YES_ERROR;
				CLANG_WARN_DOCUMENTATION_COMMENTS = YES;
				CLANG_WARN_EMPTY_BODY = YES;
				CLANG_WARN_ENUM_CONVERSION = YES;
				CLANG_WARN_INFINITE_RECURSION = YES;
				CLANG_WARN_INT_CONVERSION = YES;
				CLANG_WARN_NON_LITERAL_NULL_CONVERSION = YES;
				CLANG_WARN_OBJC_IMPLICIT_RETAIN_SELF = YES;
				CLANG_WARN_OBJC_LITERAL_CONVERSION = YES;
				CLANG_WARN_OBJC_ROOT_CLASS = YES_ERROR;
				CLANG_WARN_RANGE_LOOP_ANALYSIS = YES;
				CLANG_WARN_STRICT_PROTOTYPES = YES;
				CLANG_WARN_SUSPICIOUS_MOVE = YES;
				CLANG_WARN_UNGUARDED_AVAILABILITY = YES_AGGRESSIVE;
				CLANG_WARN_UNREACHABLE_CODE = YES;
				CLANG_WARN__DUPLICATE_METHOD_MATCH = YES;
				COPY_PHASE_STRIP = NO;
				DEBUG_INFORMATION_FORMAT = "dwarf-with-dsym";
				ENABLE_NS_ASSERTIONS = NO;
				ENABLE_STRICT_OBJC_MSGSEND = YES;
				GCC_C_LANGUAGE_STANDARD = gnu11;
				GCC_NO_COMMON_BLOCKS = YES;
				GCC_WARN_64_TO_32_BIT_CONVERSION = YES;
				GCC_WARN_ABOUT_RETURN_TYPE = YES_ERROR;
				GCC_WARN_UNDECLARED_SELECTOR = YES;
				GCC_WARN_UNINITIALIZED_AUTOS = YES_AGGRESSIVE;
				GCC_WARN_UNUSED_FUNCTION = YES;
				GCC_WARN_UNUSED_VARIABLE = YES;
				IPHONEOS_DEPLOYMENT_TARGET = 13.5;
				MTL_ENABLE_DEBUG_INFO = NO;
				MTL_FAST_MATH = YES;
				SDKROOT = iphoneos;
				SWIFT_COMPILATION_MODE = wholemodule;
				SWIFT_OPTIMIZATION_LEVEL = "-O";
				VALIDATE_PRODUCT = YES;
			};
			name = Release;
		};
		089969C6248FD79E00734137 /* Debug */ = {
			isa = XCBuildConfiguration;
			buildSettings = {
				ASSETCATALOG_COMPILER_APPICON_NAME = AppIcon;
				CODE_SIGN_STYLE = Automatic;
				DEVELOPMENT_ASSET_PATHS = "\"MemoApp/Preview Content\"";
				DEVELOPMENT_TEAM = NYT8BVWJBJ;
				ENABLE_PREVIEWS = YES;
				INFOPLIST_FILE = MemoApp/Info.plist;
				LD_RUNPATH_SEARCH_PATHS = (
					"$(inherited)",
					"@executable_path/Frameworks",
				);
				PRODUCT_BUNDLE_IDENTIFIER = io.github.ykws.MemoApp;
				PRODUCT_NAME = "$(TARGET_NAME)";
				SWIFT_VERSION = 5.0;
				TARGETED_DEVICE_FAMILY = "1,2";
			};
			name = Debug;
		};
		089969C7248FD79E00734137 /* Release */ = {
			isa = XCBuildConfiguration;
			buildSettings = {
				ASSETCATALOG_COMPILER_APPICON_NAME = AppIcon;
				CODE_SIGN_STYLE = Automatic;
				DEVELOPMENT_ASSET_PATHS = "\"MemoApp/Preview Content\"";
				DEVELOPMENT_TEAM = NYT8BVWJBJ;
				ENABLE_PREVIEWS = YES;
				INFOPLIST_FILE = MemoApp/Info.plist;
				LD_RUNPATH_SEARCH_PATHS = (
					"$(inherited)",
					"@executable_path/Frameworks",
				);
				PRODUCT_BUNDLE_IDENTIFIER = io.github.ykws.MemoApp;
				PRODUCT_NAME = "$(TARGET_NAME)";
				SWIFT_VERSION = 5.0;
				TARGETED_DEVICE_FAMILY = "1,2";
			};
			name = Release;
		};
/* End XCBuildConfiguration section */

/* Begin XCConfigurationList section */
		089969AC248FD79B00734137 /* Build configuration list for PBXProject "MemoApp" */ = {
			isa = XCConfigurationList;
			buildConfigurations = (
				089969C3248FD79E00734137 /* Debug */,
				089969C4248FD79E00734137 /* Release */,
			);
			defaultConfigurationIsVisible = 0;
			defaultConfigurationName = Release;
		};
		089969C5248FD79E00734137 /* Build configuration list for PBXNativeTarget "MemoApp" */ = {
			isa = XCConfigurationList;
			buildConfigurations = (
				089969C6248FD79E00734137 /* Debug */,
				089969C7248FD79E00734137 /* Release */,
			);
			defaultConfigurationIsVisible = 0;
			defaultConfigurationName = Release;
		};
/* End XCConfigurationList section */
	};
	rootObject = 089969A9248FD79B00734137 /* Project object */;
}
